
Microsoft Visual Studio Solution File, Format Version 12.00
# Visual Studio 15
VisualStudioVersion = 15.0.27130.2020
MinimumVisualStudioVersion = 10.0.40219.1
Project("{FAE04EC0-301F-11D3-BF4B-00C04F79EFBC}") = "Ders_Plan_Otomasyonu", "Ders_Plan_Otomasyonu\Ders_Plan_Otomasyonu.csproj", "{34AB034A-7DD4-48A0-8D0B-DDB372B76FAC}"
EndProject
Global
	GlobalSection(SolutionConfigurationPlatforms) = preSolution
		Debug|Any CPU = Debug|Any CPU
		Release|Any CPU = Release|Any CPU
	EndGlobalSection
	GlobalSection(ProjectConfigurationPlatforms) = postSolution
		{34AB034A-7DD4-48A0-8D0B-DDB372B76FAC}.Debug|Any CPU.ActiveCfg = Debug|Any CPU
		{34AB034A-7DD4-48A0-8D0B-DDB372B76FAC}.Debug|Any CPU.Build.0 = Debug|Any CPU
		{34AB034A-7DD4-48A0-8D0B-DDB372B76FAC}.Release|Any CPU.ActiveCfg = Release|Any CPU
		{34AB034A-7DD4-48A0-8D0B-DDB372B76FAC}.Release|Any CPU.Build.0 = Release|Any CPU
	EndGlobalSection
	GlobalSection(SolutionProperties) = preSolution
		HideSolutionNode = FALSE
	EndGlobalSection
	GlobalSection(ExtensibilityGlobals) = postSolution
		SolutionGuid = {D0E02A53-2D10-4ADA-8C63-C75BF6B69D85}
	EndGlobalSection
EndGlobal
